// !$*UTF8*$!
{
	archiveVersion = 1;
	classes = {
	};
	objectVersion = 46;
	objects = {

/* Begin PBXBuildFile section */
		B61DD6E21C90417B00FB58E4 /* AppDelegate.swift in Sources */ = {isa = PBXBuildFile; fileRef = B61DD6E11C90417B00FB58E4 /* AppDelegate.swift */; };
		B61DD6E41C90417B00FB58E4 /* ViewController.swift in Sources */ = {isa = PBXBuildFile; fileRef = B61DD6E31C90417B00FB58E4 /* ViewController.swift */; };
		B61DD6E71C90417B00FB58E4 /* Main.storyboard in Resources */ = {isa = PBXBuildFile; fileRef = B61DD6E51C90417B00FB58E4 /* Main.storyboard */; };
		B61DD6E91C90417B00FB58E4 /* Assets.xcassets in Resources */ = {isa = PBXBuildFile; fileRef = B61DD6E81C90417B00FB58E4 /* Assets.xcassets */; };
		B61DD6EC1C90417B00FB58E4 /* LaunchScreen.storyboard in Resources */ = {isa = PBXBuildFile; fileRef = B61DD6EA1C90417B00FB58E4 /* LaunchScreen.storyboard */; };
		B61DD6F41C90512E00FB58E4 /* PhotoGrid.swift in Sources */ = {isa = PBXBuildFile; fileRef = B61DD6F31C90512E00FB58E4 /* PhotoGrid.swift */; };
		B61DD6F81C90541A00FB58E4 /* PhotoCell.swift in Sources */ = {isa = PBXBuildFile; fileRef = B61DD6F71C90541A00FB58E4 /* PhotoCell.swift */; };
		B61DD6FA1C90590E00FB58E4 /* photos in Resources */ = {isa = PBXBuildFile; fileRef = B61DD6F91C90590E00FB58E4 /* photos */; };
		B61DD6FC1C90617F00FB58E4 /* bio.html in Resources */ = {isa = PBXBuildFile; fileRef = B61DD6FB1C90617F00FB58E4 /* bio.html */; };
/* End PBXBuildFile section */

/* Begin PBXFileReference section */
		B61DD6DE1C90417B00FB58E4 /* muzmatch.app */ = {isa = PBXFileReference; explicitFileType = wrapper.application; includeInIndex = 0; path = muzmatch.app; sourceTree = BUILT_PRODUCTS_DIR; };
		B61DD6E11C90417B00FB58E4 /* AppDelegate.swift */ = {isa = PBXFileReference; lastKnownFileType = sourcecode.swift; path = AppDelegate.swift; sourceTree = "<group>"; };
		B61DD6E31C90417B00FB58E4 /* ViewController.swift */ = {isa = PBXFileReference; lastKnownFileType = sourcecode.swift; path = ViewController.swift; sourceTree = "<group>"; };
		B61DD6E61C90417B00FB58E4 /* Base */ = {isa = PBXFileReference; lastKnownFileType = file.storyboard; name = Base; path = Base.lproj/Main.storyboard; sourceTree = "<group>"; };
		B61DD6E81C90417B00FB58E4 /* Assets.xcassets */ = {isa = PBXFileReference; lastKnownFileType = folder.assetcatalog; path = Assets.xcassets; sourceTree = "<group>"; };
		B61DD6EB1C90417B00FB58E4 /* Base */ = {isa = PBXFileReference; lastKnownFileType = file.storyboard; name = Base; path = Base.lproj/LaunchScreen.storyboard; sourceTree = "<group>"; };
		B61DD6ED1C90417B00FB58E4 /* Info.plist */ = {isa = PBXFileReference; lastKnownFileType = text.plist.xml; path = Info.plist; sourceTree = "<group>"; };
		B61DD6F31C90512E00FB58E4 /* PhotoGrid.swift */ = {isa = PBXFileReference; fileEncoding = 4; lastKnownFileType = sourcecode.swift; path = PhotoGrid.swift; sourceTree = "<group>"; };
		B61DD6F71C90541A00FB58E4 /* PhotoCell.swift */ = {isa = PBXFileReference; fileEncoding = 4; lastKnownFileType = sourcecode.swift; path = PhotoCell.swift; sourceTree = "<group>"; };
		B61DD6F91C90590E00FB58E4 /* photos */ = {isa = PBXFileReference; lastKnownFileType = folder; path = photos; sourceTree = "<group>"; };
		B61DD6FB1C90617F00FB58E4 /* bio.html */ = {isa = PBXFileReference; fileEncoding = 4; lastKnownFileType = text.html; path = bio.html; sourceTree = "<group>"; };
/* End PBXFileReference section */

/* Begin PBXFrameworksBuildPhase section */
		B61DD6DB1C90417B00FB58E4 /* Frameworks */ = {
			isa = PBXFrameworksBuildPhase;
			buildActionMask = 2147483647;
			files = (
			);
			runOnlyForDeploymentPostprocessing = 0;
		};
/* End PBXFrameworksBuildPhase section */

/* Begin PBXGroup section */
		B61DD6D51C90417B00FB58E4 = {
			isa = PBXGroup;
			children = (
				B61DD6E01C90417B00FB58E4 /* muzmatch */,
				B61DD6DF1C90417B00FB58E4 /* Products */,
			);
			sourceTree = "<group>";
		};
		B61DD6DF1C90417B00FB58E4 /* Products */ = {
			isa = PBXGroup;
			children = (
				B61DD6DE1C90417B00FB58E4 /* muzmatch.app */,
			);
			name = Products;
			sourceTree = "<group>";
		};
		B61DD6E01C90417B00FB58E4 /* muzmatch */ = {
			isa = PBXGroup;
			children = (
				B61DD6E11C90417B00FB58E4 /* AppDelegate.swift */,
				B61DD6E31C90417B00FB58E4 /* ViewController.swift */,
				B61DD6F31C90512E00FB58E4 /* PhotoGrid.swift */,
				B61DD6F71C90541A00FB58E4 /* PhotoCell.swift */,
				B61DD6E51C90417B00FB58E4 /* Main.storyboard */,
				B61DD6FB1C90617F00FB58E4 /* bio.html */,
				B61DD6E81C90417B00FB58E4 /* Assets.xcassets */,
				B61DD6EA1C90417B00FB58E4 /* LaunchScreen.storyboard */,
				B61DD6ED1C90417B00FB58E4 /* Info.plist */,
				B61DD6F91C90590E00FB58E4 /* photos */,
			);
			path = muzmatch;
			sourceTree = "<group>";
		};
/* End PBXGroup section */

/* Begin PBXNativeTarget section */
		B61DD6DD1C90417B00FB58E4 /* muzmatch */ = {
			isa = PBXNativeTarget;
			buildConfigurationList = B61DD6F01C90417B00FB58E4 /* Build configuration list for PBXNativeTarget "muzmatch" */;
			buildPhases = (
				B61DD6DA1C90417B00FB58E4 /* Sources */,
				B61DD6DB1C90417B00FB58E4 /* Frameworks */,
				B61DD6DC1C90417B00FB58E4 /* Resources */,
			);
			buildRules = (
			);
			dependencies = (
			);
			name = muzmatch;
			productName = muzmatch;
			productReference = B61DD6DE1C90417B00FB58E4 /* muzmatch.app */;
			productType = "com.apple.product-type.application";
		};
/* End PBXNativeTarget section */

/* Begin PBXProject section */
		B61DD6D61C90417B00FB58E4 /* Project object */ = {
			isa = PBXProject;
			attributes = {
				LastSwiftUpdateCheck = 0720;
				LastUpgradeCheck = 0720;
				ORGANIZATIONNAME = "Nabil Freeman";
				TargetAttributes = {
					B61DD6DD1C90417B00FB58E4 = {
						CreatedOnToolsVersion = 7.2.1;
					};
				};
			};
			buildConfigurationList = B61DD6D91C90417B00FB58E4 /* Build configuration list for PBXProject "muzmatch" */;
			compatibilityVersion = "Xcode 3.2";
			developmentRegion = English;
			hasScannedForEncodings = 0;
			knownRegions = (
				en,
				Base,
			);
			mainGroup = B61DD6D51C90417B00FB58E4;
			productRefGroup = B61DD6DF1C90417B00FB58E4 /* Products */;
			projectDirPath = "";
			projectRoot = "";
			targets = (
				B61DD6DD1C90417B00FB58E4 /* muzmatch */,
			);
		};
/* End PBXProject section */

/* Begin PBXResourcesBuildPhase section */
		B61DD6DC1C90417B00FB58E4 /* Resources */ = {
			isa = PBXResourcesBuildPhase;
			buildActionMask = 2147483647;
			files = (
				B61DD6EC1C90417B00FB58E4 /* LaunchScreen.storyboard in Resources */,
				B61DD6E91C90417B00FB58E4 /* Assets.xcassets in Resources */,
				B61DD6FC1C90617F00FB58E4 /* bio.html in Resources */,
				B61DD6E71C90417B00FB58E4 /* Main.storyboard in Resources */,
				B61DD6FA1C90590E00FB58E4 /* photos in Resources */,
			);
			runOnlyForDeploymentPostprocessing = 0;
		};
/* End PBXResourcesBuildPhase section */

/* Begin PBXSourcesBuildPhase section */
		B61DD6DA1C90417B00FB58E4 /* Sources */ = {
			isa = PBXSourcesBuildPhase;
			buildActionMask = 2147483647;
			files = (
				B61DD6F81C90541A00FB58E4 /* PhotoCell.swift in Sources */,
				B61DD6E41C90417B00FB58E4 /* ViewController.swift in Sources */,
				B61DD6E21C90417B00FB58E4 /* AppDelegate.swift in Sources */,
				B61DD6F41C90512E00FB58E4 /* PhotoGrid.swift in Sources */,
			);
			runOnlyForDeploymentPostprocessing = 0;
		};
/* End PBXSourcesBuildPhase section */

/* Begin PBXVariantGroup section */
		B61DD6E51C90417B00FB58E4 /* Main.storyboard */ = {
			isa = PBXVariantGroup;
			children = (
				B61DD6E61C90417B00FB58E4 /* Base */,
			);
			name = Main.storyboard;
			sourceTree = "<group>";
		};
		B61DD6EA1C90417B00FB58E4 /* LaunchScreen.storyboard */ = {
			isa = PBXVariantGroup;
			children = (
				B61DD6EB1C90417B00FB58E4 /* Base */,
			);
			name = LaunchScreen.storyboard;
			sourceTree = "<group>";
		};
/* End PBXVariantGroup section */

/* Begin XCBuildConfiguration section */
		B61DD6EE1C90417B00FB58E4 /* Debug */ = {
			isa = XCBuildConfiguration;
			buildSettings = {
				ALWAYS_SEARCH_USER_PATHS = NO;
				CLANG_CXX_LANGUAGE_STANDARD = "gnu++0x";
				CLANG_CXX_LIBRARY = "libc++";
				CLANG_ENABLE_MODULES = YES;
				CLANG_ENABLE_OBJC_ARC = YES;
				CLANG_WARN_BOOL_CONVERSION = YES;
				CLANG_WARN_CONSTANT_CONVERSION = YES;
				CLANG_WARN_DIRECT_OBJC_ISA_USAGE = YES_ERROR;
				CLANG_WARN_EMPTY_BODY = YES;
				CLANG_WARN_ENUM_CONVERSION = YES;
				CLANG_WARN_INT_CONVERSION = YES;
				CLANG_WARN_OBJC_ROOT_CLASS = YES_ERROR;
				CLANG_WARN_UNREACHABLE_CODE = YES;
				CLANG_WARN__DUPLICATE_METHOD_MATCH = YES;
				"CODE_SIGN_IDENTITY[sdk=iphoneos*]" = "iPhone Developer";
				COPY_PHASE_STRIP = NO;
				DEBUG_INFORMATION_FORMAT = dwarf;
				ENABLE_STRICT_OBJC_MSGSEND = YES;
				ENABLE_TESTABILITY = YES;
				GCC_C_LANGUAGE_STANDARD = gnu99;
				GCC_DYNAMIC_NO_PIC = NO;
				GCC_NO_COMMON_BLOCKS = YES;
				GCC_OPTIMIZATION_LEVEL = 0;
				GCC_PREPROCESSOR_DEFINITIONS = (
					"DEBUG=1",
					"$(inherited)",
				);
				GCC_WARN_64_TO_32_BIT_CONVERSION = YES;
				GCC_WARN_ABOUT_RETURN_TYPE = YES_ERROR;
				GCC_WARN_UNDECLARED_SELECTOR = YES;
				GCC_WARN_UNINITIALIZED_AUTOS = YES_AGGRESSIVE;
				GCC_WARN_UNUSED_FUNCTION = YES;
				GCC_WARN_UNUSED_VARIABLE = YES;
				IPHONEOS_DEPLOYMENT_TARGET = 9.2;
				MTL_ENABLE_DEBUG_INFO = YES;
				ONLY_ACTIVE_ARCH = YES;
				SDKROOT = iphoneos;
				SWIFT_OPTIMIZATION_LEVEL = "-Onone";
			};
			name = Debug;
		};
		B61DD6EF1C90417B00FB58E4 /* Release */ = {
			isa = XCBuildConfiguration;
			buildSettings = {
				ALWAYS_SEARCH_USER_PATHS = NO;
				CLANG_CXX_LANGUAGE_STANDARD = "gnu++0x";
				CLANG_CXX_LIBRARY = "libc++";
				CLANG_ENABLE_MODULES = YES;
				CLANG_ENABLE_OBJC_ARC = YES;
				CLANG_WARN_BOOL_CONVERSION = YES;
				CLANG_WARN_CONSTANT_CONVERSION = YES;
				CLANG_WARN_DIRECT_OBJC_ISA_USAGE = YES_ERROR;
				CLANG_WARN_EMPTY_BODY = YES;
				CLANG_WARN_ENUM_CONVERSION = YES;
				CLANG_WARN_INT_CONVERSION = YES;
				CLANG_WARN_OBJC_ROOT_CLASS = YES_ERROR;
				CLANG_WARN_UNREACHABLE_CODE = YES;
				CLANG_WARN__DUPLICATE_METHOD_MATCH = YES;
				"CODE_SIGN_IDENTITY[sdk=iphoneos*]" = "iPhone Developer";
				COPY_PHASE_STRIP = NO;
				DEBUG_INFORMATION_FORMAT = "dwarf-with-dsym";
				ENABLE_NS_ASSERTIONS = NO;
				ENABLE_STRICT_OBJC_MSGSEND = YES;
				GCC_C_LANGUAGE_STANDARD = gnu99;
				GCC_NO_COMMON_BLOCKS = YES;
				GCC_WARN_64_TO_32_BIT_CONVERSION = YES;
				GCC_WARN_ABOUT_RETURN_TYPE = YES_ERROR;
				GCC_WARN_UNDECLARED_SELECTOR = YES;
				GCC_WARN_UNINITIALIZED_AUTOS = YES_AGGRESSIVE;
				GCC_WARN_UNUSED_FUNCTION = YES;
				GCC_WARN_UNUSED_VARIABLE = YES;
				IPHONEOS_DEPLOYMENT_TARGET = 9.2;
				MTL_ENABLE_DEBUG_INFO = NO;
				SDKROOT = iphoneos;
				VALIDATE_PRODUCT = YES;
			};
			name = Release;
		};
		B61DD6F11C90417B00FB58E4 /* Debug */ = {
			isa = XCBuildConfiguration;
			buildSettings = {
				ASSETCATALOG_COMPILER_APPICON_NAME = AppIcon;
				INFOPLIST_FILE = muzmatch/Info.plist;
				LD_RUNPATH_SEARCH_PATHS = "$(inherited) @executable_path/Frameworks";
				PRODUCT_BUNDLE_IDENTIFIER = com.freeman.muzmatch;
				PRODUCT_NAME = "$(TARGET_NAME)";
			};
			name = Debug;
		};
		B61DD6F21C90417B00FB58E4 /* Release */ = {
			isa = XCBuildConfiguration;
			buildSettings = {
				ASSETCATALOG_COMPILER_APPICON_NAME = AppIcon;
				INFOPLIST_FILE = muzmatch/Info.plist;
				LD_RUNPATH_SEARCH_PATHS = "$(inherited) @executable_path/Frameworks";
				PRODUCT_BUNDLE_IDENTIFIER = com.freeman.muzmatch;
				PRODUCT_NAME = "$(TARGET_NAME)";
			};
			name = Release;
		};
/* End XCBuildConfiguration section */

/* Begin XCConfigurationList section */
		B61DD6D91C90417B00FB58E4 /* Build configuration list for PBXProject "muzmatch" */ = {
			isa = XCConfigurationList;
			buildConfigurations = (
				B61DD6EE1C90417B00FB58E4 /* Debug */,
				B61DD6EF1C90417B00FB58E4 /* Release */,
			);
			defaultConfigurationIsVisible = 0;
			defaultConfigurationName = Release;
		};
		B61DD6F01C90417B00FB58E4 /* Build configuration list for PBXNativeTarget "muzmatch" */ = {
			isa = XCConfigurationList;
			buildConfigurations = (
				B61DD6F11C90417B00FB58E4 /* Debug */,
				B61DD6F21C90417B00FB58E4 /* Release */,
			);
			defaultConfigurationIsVisible = 0;
		};
/* End XCConfigurationList section */
	};
	rootObject = B61DD6D61C90417B00FB58E4 /* Project object */;
}
